
Microsoft Visual Studio Solution File, Format Version 12.00
# Visual Studio Version 17
VisualStudioVersion = 17.2.32505.173
MinimumVisualStudioVersion = 10.0.40219.1
Project("{FAE04EC0-301F-11D3-BF4B-00C04F79EFBC}") = "WPF_SB_PR5_UP", "WPF_SB_PR5_UP.csproj", "{B6A51AB8-8994-4DB8-B3BE-540F96C99DEC}"
EndProject
Global
	GlobalSection(SolutionConfigurationPlatforms) = preSolution
		Debug|Any CPU = Debug|Any CPU
		Release|Any CPU = Release|Any CPU
	EndGlobalSection
	GlobalSection(ProjectConfigurationPlatforms) = postSolution
		{B6A51AB8-8994-4DB8-B3BE-540F96C99DEC}.Debug|Any CPU.ActiveCfg = Debug|Any CPU
		{B6A51AB8-8994-4DB8-B3BE-540F96C99DEC}.Debug|Any CPU.Build.0 = Debug|Any CPU
		{B6A51AB8-8994-4DB8-B3BE-540F96C99DEC}.Release|Any CPU.ActiveCfg = Release|Any CPU
		{B6A51AB8-8994-4DB8-B3BE-540F96C99DEC}.Release|Any CPU.Build.0 = Release|Any CPU
	EndGlobalSection
	GlobalSection(SolutionProperties) = preSolution
		HideSolutionNode = FALSE
	EndGlobalSection
	GlobalSection(ExtensibilityGlobals) = postSolution
		SolutionGuid = {3EAD3A3F-41DA-457D-A5A8-85D8C5294B43}
	EndGlobalSection
EndGlobal
